
Microsoft Visual Studio Solution File, Format Version 12.00
# Visual Studio Version 17
VisualStudioVersion = 17.11.35327.3
MinimumVisualStudioVersion = 10.0.40219.1
Project("{FAE04EC0-301F-11D3-BF4B-00C04F79EFBC}") = "BC-Api", "BC-Api.csproj", "{C4D7CB72-C08B-45F6-8C4A-4579335CC857}"
EndProject
Global
	GlobalSection(SolutionConfigurationPlatforms) = preSolution
		Debug|Any CPU = Debug|Any CPU
		Release|Any CPU = Release|Any CPU
	EndGlobalSection
	GlobalSection(ProjectConfigurationPlatforms) = postSolution
		{C4D7CB72-C08B-45F6-8C4A-4579335CC857}.Debug|Any CPU.ActiveCfg = Debug|Any CPU
		{C4D7CB72-C08B-45F6-8C4A-4579335CC857}.Debug|Any CPU.Build.0 = Debug|Any CPU
		{C4D7CB72-C08B-45F6-8C4A-4579335CC857}.Release|Any CPU.ActiveCfg = Release|Any CPU
		{C4D7CB72-C08B-45F6-8C4A-4579335CC857}.Release|Any CPU.Build.0 = Release|Any CPU
	EndGlobalSection
	GlobalSection(SolutionProperties) = preSolution
		HideSolutionNode = FALSE
	EndGlobalSection
	GlobalSection(ExtensibilityGlobals) = postSolution
		SolutionGuid = {5C2732C2-A5A7-469B-90E6-47396619599A}
	EndGlobalSection
EndGlobal
